
Microsoft Visual Studio Solution File, Format Version 12.00
# Visual Studio Version 17
VisualStudioVersion = 17.3.32819.101
MinimumVisualStudioVersion = 10.0.40219.1
Project("{FAE04EC0-301F-11D3-BF4B-00C04F79EFBC}") = "UsingArrayExampleProgram", "UsingArrayExampleProgram\UsingArrayExampleProgram.csproj", "{B79BE3AA-7F31-4FB6-B5C9-64F91EC0A11D}"
EndProject
Global
	GlobalSection(SolutionConfigurationPlatforms) = preSolution
		Debug|Any CPU = Debug|Any CPU
		Release|Any CPU = Release|Any CPU
	EndGlobalSection
	GlobalSection(ProjectConfigurationPlatforms) = postSolution
		{B79BE3AA-7F31-4FB6-B5C9-64F91EC0A11D}.Debug|Any CPU.ActiveCfg = Debug|Any CPU
		{B79BE3AA-7F31-4FB6-B5C9-64F91EC0A11D}.Debug|Any CPU.Build.0 = Debug|Any CPU
		{B79BE3AA-7F31-4FB6-B5C9-64F91EC0A11D}.Release|Any CPU.ActiveCfg = Release|Any CPU
		{B79BE3AA-7F31-4FB6-B5C9-64F91EC0A11D}.Release|Any CPU.Build.0 = Release|Any CPU
	EndGlobalSection
	GlobalSection(SolutionProperties) = preSolution
		HideSolutionNode = FALSE
	EndGlobalSection
	GlobalSection(ExtensibilityGlobals) = postSolution
		SolutionGuid = {815330D9-3C11-4299-9EA1-D11A0AA5C2AC}
	EndGlobalSection
EndGlobal
